<?xml version="1.0" encoding="utf-8"?>
<Project ToolsVersion="4.0" xmlns="http://schemas.microsoft.com/developer/msbuild/2003">
  <ItemGroup>
    <Filter Include="Source Files">
      <UniqueIdentifier>{4FC737F1-C7A5-4376-A066-2A32D752A2FF}</UniqueIdentifier>
      <Extensions>cpp;c;cc;cxx;def;odl;idl;hpj;bat;asm;asmx</Extensions>
    </Filter>
    <Filter Include="Header Files">
      <UniqueIdentifier>{93995380-89BD-4b04-88EB-625FBE52EBFB}</UniqueIdentifier>
      <Extensions>h;hh;hpp;hxx;hm;inl;inc;xsd</Extensions>
    </Filter>
    <Filter Include="Resource Files">
      <UniqueIdentifier>{67DA6AB6-F800-4c08-8B7A-83BB121AAD01}</UniqueIdentifier>
      <Extensions>rc;ico;cur;bmp;dlg;rc2;rct;bin;rgs;gif;jpg;jpeg;jpe;resx;tiff;tif;png;wav;mfcribbon-ms</Extensions>
    </Filter>
    <Filter Include="Header Files\Utility">
      <UniqueIdentifier>{ff8cbde0-f94e-4dca-8ef8-8b043d1b0593}</UniqueIdentifier>
    </Filter>
    <Filter Include="Header Files\Resource">
      <UniqueIdentifier>{21945435-8cec-4537-b6a1-999d602059d9}</UniqueIdentifier>
    </Filter>
    <Filter Include="Header Files\GameObject">
      <UniqueIdentifier>{c466c711-b3fd-4e2b-8627-a56119a720b2}</UniqueIdentifier>
    </Filter>
    <Filter Include="Source Files\GameObject">
      <UniqueIdentifier>{ae1a52d1-951d-4714-ab06-eee86e03e6a7}</UniqueIdentifier>
    </Filter>
    <Filter Include="Header Files\Windows">
      <UniqueIdentifier>{eb1fdf4c-54b4-4aa6-9d1e-055584ab3482}</UniqueIdentifier>
    </Filter>
    <Filter Include="Header Files\Game">
      <UniqueIdentifier>{8fad016a-1597-472c-9406-41404b82459c}</UniqueIdentifier>
    </Filter>
    <Filter Include="Source Files\Game">
      <UniqueIdentifier>{c7eed6b1-3fe6-4bb5-8d78-4d598373f76b}</UniqueIdentifier>
    </Filter>
    <Filter Include="Source Files\Windows">
      <UniqueIdentifier>{564f5237-63ef-49cd-b8d4-e3b64018db18}</UniqueIdentifier>
    </Filter>
  </ItemGroup>
  <ItemGroup>
    <Text Include="ReadMe.txt" />
  </ItemGroup>
  <ItemGroup>
    <ClInclude Include="DynamicArray.h">
      <Filter>Header Files\Utility</Filter>
    </ClInclude>
    <ClInclude Include="Resource.h">
      <Filter>Header Files\Resource</Filter>
    </ClInclude>
    <ClInclude Include="GameSettings.h">
      <Filter>Header Files\Resource</Filter>
    </ClInclude>
    <ClInclude Include="MyVector2.h">
      <Filter>Header Files\Utility</Filter>
    </ClInclude>
    <ClInclude Include="Player.h">
      <Filter>Header Files\GameObject</Filter>
    </ClInclude>
    <ClInclude Include="ObjBase.h">
      <Filter>Header Files\GameObject</Filter>
    </ClInclude>
    <ClInclude Include="Spike.h">
      <Filter>Header Files\GameObject</Filter>
    </ClInclude>
    <ClInclude Include="stdafx.h">
      <Filter>Header Files\Windows</Filter>
    </ClInclude>
    <ClInclude Include="targetver.h">
      <Filter>Header Files\Windows</Filter>
    </ClInclude>
    <ClInclude Include="Game.h">
      <Filter>Header Files\Game</Filter>
    </ClInclude>
    <ClInclude Include="SpikeDodger.h">
      <Filter>Header Files</Filter>
    </ClInclude>
  </ItemGroup>
  <ItemGroup>
    <ClCompile Include="ObjBase.cpp">
      <Filter>Source Files\GameObject</Filter>
    </ClCompile>
    <ClCompile Include="Player.cpp">
      <Filter>Source Files\GameObject</Filter>
    </ClCompile>
    <ClCompile Include="Spike.cpp">
      <Filter>Source Files\GameObject</Filter>
    </ClCompile>
    <ClCompile Include="Game.cpp">
      <Filter>Source Files\Game</Filter>
    </ClCompile>
    <ClCompile Include="SpikeDodger.cpp">
      <Filter>Source Files\Game</Filter>
    </ClCompile>
    <ClCompile Include="stdafx.cpp">
      <Filter>Source Files\Windows</Filter>
    </ClCompile>
  </ItemGroup>
  <ItemGroup>
    <ResourceCompile Include="SpikeDodger.rc">
      <Filter>Resource Files</Filter>
    </ResourceCompile>
  </ItemGroup>
  <ItemGroup>
    <Image Include="Data\Player.bmp">
      <Filter>Resource Files</Filter>
    </Image>
    <Image Include="Data\Small.ico">
      <Filter>Resource Files</Filter>
    </Image>
    <Image Include="Data\Spike.bmp">
      <Filter>Resource Files</Filter>
    </Image>
    <Image Include="Data\SpikeDodger.ico">
      <Filter>Resource Files</Filter>
    </Image>
    <Image Include="Data\Background.bmp">
      <Filter>Resource Files</Filter>
    </Image>
  </ItemGroup>
</Project>