<?xml version="1.0" encoding="utf-8"?>
<Project ToolsVersion="4.0" xmlns="http://schemas.microsoft.com/developer/msbuild/2003">
  <ItemGroup>
    <Filter Include="Source Files">
      <UniqueIdentifier>{4FC737F1-C7A5-4376-A066-2A32D752A2FF}</UniqueIdentifier>
      <Extensions>cpp;c;cc;cxx;def;odl;idl;hpj;bat;asm;asmx</Extensions>
    </Filter>
    <Filter Include="Header Files">
      <UniqueIdentifier>{93995380-89BD-4b04-88EB-625FBE52EBFB}</UniqueIdentifier>
      <Extensions>h;hh;hpp;hxx;hm;inl;inc;xsd</Extensions>
    </Filter>
    <Filter Include="Resource Files">
      <UniqueIdentifier>{67DA6AB6-F800-4c08-8B7A-83BB121AAD01}</UniqueIdentifier>
      <Extensions>rc;ico;cur;bmp;dlg;rc2;rct;bin;rgs;gif;jpg;jpeg;jpe;resx;tiff;tif;png;wav;mfcribbon-ms</Extensions>
    </Filter>
    <Filter Include="Header Files\Command">
      <UniqueIdentifier>{4c86f429-0bba-4a5b-9f45-2f185391078d}</UniqueIdentifier>
    </Filter>
    <Filter Include="Header Files\StateMachine">
      <UniqueIdentifier>{95e34a1c-c8d5-4840-87e5-3d179378c9a0}</UniqueIdentifier>
    </Filter>
    <Filter Include="Source Files\StateMachine">
      <UniqueIdentifier>{2727a2c6-3af1-40ad-92b7-745999520aa2}</UniqueIdentifier>
    </Filter>
    <Filter Include="Source Files\Command">
      <UniqueIdentifier>{8d23222c-3cdf-46bb-b2e7-9a6677c21faa}</UniqueIdentifier>
    </Filter>
    <Filter Include="Source Files\Utility">
      <UniqueIdentifier>{a942985e-672e-407e-be1b-8f0400e0adef}</UniqueIdentifier>
    </Filter>
    <Filter Include="Header Files\GameObjects">
      <UniqueIdentifier>{376802be-6b4f-459c-8885-37315f04f3d3}</UniqueIdentifier>
    </Filter>
    <Filter Include="Source Files\GameObjects">
      <UniqueIdentifier>{643b0caf-a116-41d0-8dc5-f4102498675a}</UniqueIdentifier>
    </Filter>
  </ItemGroup>
  <ItemGroup>
    <ClInclude Include="stdafx.h">
      <Filter>Header Files</Filter>
    </ClInclude>
    <ClInclude Include="targetver.h">
      <Filter>Header Files</Filter>
    </ClInclude>
    <ClInclude Include="resource.h">
      <Filter>Header Files</Filter>
    </ClInclude>
    <ClInclude Include="Input.h">
      <Filter>Header Files</Filter>
    </ClInclude>
    <ClInclude Include="GameState.h">
      <Filter>Header Files\StateMachine</Filter>
    </ClInclude>
    <ClInclude Include="GameStateMachine.h">
      <Filter>Header Files\StateMachine</Filter>
    </ClInclude>
    <ClInclude Include="InGameState.h">
      <Filter>Header Files\StateMachine</Filter>
    </ClInclude>
    <ClInclude Include="LoseState.h">
      <Filter>Header Files\StateMachine</Filter>
    </ClInclude>
    <ClInclude Include="IntroState.h">
      <Filter>Header Files\StateMachine</Filter>
    </ClInclude>
    <ClInclude Include="WinState.h">
      <Filter>Header Files\StateMachine</Filter>
    </ClInclude>
    <ClInclude Include="FrameTimer.h">
      <Filter>Source Files\Utility</Filter>
    </ClInclude>
    <ClInclude Include="MyMath.h">
      <Filter>Source Files\Utility</Filter>
    </ClInclude>
    <ClInclude Include="Bomb.h">
      <Filter>Header Files\GameObjects</Filter>
    </ClInclude>
    <ClInclude Include="Enemy.h">
      <Filter>Header Files\GameObjects</Filter>
    </ClInclude>
    <ClInclude Include="Player.h">
      <Filter>Header Files\GameObjects</Filter>
    </ClInclude>
    <ClInclude Include="ObjBase.h">
      <Filter>Header Files\GameObjects</Filter>
    </ClInclude>
    <ClInclude Include="Tile.h">
      <Filter>Header Files\GameObjects</Filter>
    </ClInclude>
    <ClInclude Include="GameSettings.h">
      <Filter>Header Files</Filter>
    </ClInclude>
    <ClInclude Include="AttackCommand.h">
      <Filter>Header Files\Command</Filter>
    </ClInclude>
    <ClInclude Include="Command.h">
      <Filter>Header Files\Command</Filter>
    </ClInclude>
    <ClInclude Include="MoveCommand.h">
      <Filter>Header Files\Command</Filter>
    </ClInclude>
  </ItemGroup>
  <ItemGroup>
    <ClCompile Include="stdafx.cpp">
      <Filter>Source Files</Filter>
    </ClCompile>
    <ClCompile Include="Tile.cpp">
      <Filter>Source Files</Filter>
    </ClCompile>
    <ClCompile Include="WinState.cpp">
      <Filter>Source Files\StateMachine</Filter>
    </ClCompile>
    <ClCompile Include="GameStateMachine.cpp">
      <Filter>Source Files\StateMachine</Filter>
    </ClCompile>
    <ClCompile Include="GameState.cpp">
      <Filter>Source Files\StateMachine</Filter>
    </ClCompile>
    <ClCompile Include="LoseState.cpp">
      <Filter>Source Files\StateMachine</Filter>
    </ClCompile>
    <ClCompile Include="IntroState.cpp">
      <Filter>Source Files\StateMachine</Filter>
    </ClCompile>
    <ClCompile Include="Main.cpp">
      <Filter>Source Files</Filter>
    </ClCompile>
    <ClCompile Include="InGameState.cpp">
      <Filter>Source Files\StateMachine</Filter>
    </ClCompile>
    <ClCompile Include="FrameTimer.cpp">
      <Filter>Source Files\Utility</Filter>
    </ClCompile>
    <ClCompile Include="Input.cpp">
      <Filter>Source Files</Filter>
    </ClCompile>
    <ClCompile Include="ObjBase.cpp">
      <Filter>Source Files\GameObjects</Filter>
    </ClCompile>
    <ClCompile Include="Player.cpp">
      <Filter>Source Files\GameObjects</Filter>
    </ClCompile>
    <ClCompile Include="Enemy.cpp">
      <Filter>Source Files\GameObjects</Filter>
    </ClCompile>
    <ClCompile Include="Bomb.cpp">
      <Filter>Source Files\GameObjects</Filter>
    </ClCompile>
    <ClCompile Include="AttackCommand.cpp">
      <Filter>Source Files\Command</Filter>
    </ClCompile>
    <ClCompile Include="Command.cpp">
      <Filter>Source Files\Command</Filter>
    </ClCompile>
    <ClCompile Include="MoveCommand.cpp">
      <Filter>Source Files\Command</Filter>
    </ClCompile>
  </ItemGroup>
  <ItemGroup>
    <ResourceCompile Include="BombDodger.rc">
      <Filter>Resource Files</Filter>
    </ResourceCompile>
  </ItemGroup>
  <ItemGroup>
    <Image Include="small.ico">
      <Filter>Resource Files</Filter>
    </Image>
    <Image Include="BombDodger.ico">
      <Filter>Resource Files</Filter>
    </Image>
    <Image Include="data\bomb1.bmp">
      <Filter>Resource Files</Filter>
    </Image>
    <Image Include="data\bomb2.bmp">
      <Filter>Resource Files</Filter>
    </Image>
    <Image Include="data\bomb3.bmp">
      <Filter>Resource Files</Filter>
    </Image>
    <Image Include="data\bomb4.bmp">
      <Filter>Resource Files</Filter>
    </Image>
    <Image Include="data\bomb5.bmp">
      <Filter>Resource Files</Filter>
    </Image>
    <Image Include="data\bomb6.bmp">
      <Filter>Resource Files</Filter>
    </Image>
    <Image Include="data\bomb7.bmp">
      <Filter>Resource Files</Filter>
    </Image>
    <Image Include="data\bomb8.bmp">
      <Filter>Resource Files</Filter>
    </Image>
    <Image Include="data\bomb9.bmp">
      <Filter>Resource Files</Filter>
    </Image>
    <Image Include="data\walk1.bmp">
      <Filter>Resource Files</Filter>
    </Image>
    <Image Include="data\walk2.bmp">
      <Filter>Resource Files</Filter>
    </Image>
    <Image Include="data\walk3.bmp">
      <Filter>Resource Files</Filter>
    </Image>
    <Image Include="data\walk4.bmp">
      <Filter>Resource Files</Filter>
    </Image>
    <Image Include="data\tile1.bmp">
      <Filter>Resource Files</Filter>
    </Image>
    <Image Include="data\tile2.bmp">
      <Filter>Resource Files</Filter>
    </Image>
    <Image Include="data\tile3.bmp">
      <Filter>Resource Files</Filter>
    </Image>
    <Image Include="data\tile4.bmp">
      <Filter>Resource Files</Filter>
    </Image>
    <Image Include="data\boss1.bmp">
      <Filter>Resource Files</Filter>
    </Image>
    <Image Include="data\boss2.bmp">
      <Filter>Resource Files</Filter>
    </Image>
    <Image Include="data\boss3.bmp">
      <Filter>Resource Files</Filter>
    </Image>
  </ItemGroup>
</Project>