<?xml version="1.0" encoding="utf-8"?>
<Project ToolsVersion="4.0" xmlns="http://schemas.microsoft.com/developer/msbuild/2003">
  <ItemGroup>
    <Filter Include="Source Files">
      <UniqueIdentifier>{4FC737F1-C7A5-4376-A066-2A32D752A2FF}</UniqueIdentifier>
      <Extensions>cpp;c;cc;cxx;def;odl;idl;hpj;bat;asm;asmx</Extensions>
    </Filter>
    <Filter Include="Header Files">
      <UniqueIdentifier>{93995380-89BD-4b04-88EB-625FBE52EBFB}</UniqueIdentifier>
      <Extensions>h;hh;hpp;hxx;hm;inl;inc;xsd</Extensions>
    </Filter>
    <Filter Include="Resource Files">
      <UniqueIdentifier>{67DA6AB6-F800-4c08-8B7A-83BB121AAD01}</UniqueIdentifier>
      <Extensions>rc;ico;cur;bmp;dlg;rc2;rct;bin;rgs;gif;jpg;jpeg;jpe;resx;tiff;tif;png;wav;mfcribbon-ms</Extensions>
    </Filter>
  </ItemGroup>
  <ItemGroup>
    <Text Include="..\..\Conway%27sGame\Conway%27sGame\ReadMe.txt" />
  </ItemGroup>
  <ItemGroup>
    <ClInclude Include="..\..\Conway%27sGame\Conway%27sGame\stdafx.h">
      <Filter>Header Files</Filter>
    </ClInclude>
    <ClInclude Include="..\..\Conway%27sGame\Conway%27sGame\targetver.h">
      <Filter>Header Files</Filter>
    </ClInclude>
    <ClInclude Include="..\..\Conway%27sGame\Conway%27sGame\resource.h">
      <Filter>Header Files</Filter>
    </ClInclude>
    <ClInclude Include="GameSettings.h">
      <Filter>Header Files</Filter>
    </ClInclude>
    <ClInclude Include="TiledMap.h">
      <Filter>Header Files</Filter>
    </ClInclude>
    <ClInclude Include="MyVector2.h">
      <Filter>Header Files</Filter>
    </ClInclude>
    <ClInclude Include="MyInput.h">
      <Filter>Header Files</Filter>
    </ClInclude>
    <ClInclude Include="MyLog.h">
      <Filter>Header Files</Filter>
    </ClInclude>
    <ClInclude Include="..\..\Conway%27sGame\Conway%27sGame\Cell.h">
      <Filter>Header Files</Filter>
    </ClInclude>
    <ClInclude Include="..\..\Conway%27sGame\Conway%27sGame\Game.h">
      <Filter>Header Files</Filter>
    </ClInclude>
  </ItemGroup>
  <ItemGroup>
    <ClCompile Include="..\..\Conway%27sGame\Conway%27sGame\stdafx.cpp">
      <Filter>Source Files</Filter>
    </ClCompile>
    <ClCompile Include="..\..\Conway%27sGame\Conway%27sGame\ConwaysGame.cpp">
      <Filter>Source Files</Filter>
    </ClCompile>
    <ClCompile Include="..\..\Conway%27sGame\Conway%27sGame\Game.cpp">
      <Filter>Source Files</Filter>
    </ClCompile>
    <ClCompile Include="..\..\Conway%27sGame\Conway%27sGame\Cell.cpp">
      <Filter>Source Files</Filter>
    </ClCompile>
    <ClCompile Include="TiledMap.cpp">
      <Filter>Source Files</Filter>
    </ClCompile>
    <ClCompile Include="MyLog.cpp">
      <Filter>Source Files</Filter>
    </ClCompile>
    <ClCompile Include="MyInput.cpp">
      <Filter>Source Files</Filter>
    </ClCompile>
  </ItemGroup>
  <ItemGroup>
    <ResourceCompile Include="..\..\Conway%27sGame\Conway%27sGame\ConwaysGame.rc">
      <Filter>Resource Files</Filter>
    </ResourceCompile>
  </ItemGroup>
  <ItemGroup>
    <Image Include="..\..\Conway%27sGame\Conway%27sGame\small.ico">
      <Filter>Resource Files</Filter>
    </Image>
    <Image Include="..\..\Conway%27sGame\Conway%27sGame\ConwaysGame.ico">
      <Filter>Resource Files</Filter>
    </Image>
  </ItemGroup>
</Project>